
Microsoft Visual Studio Solution File, Format Version 12.00
# Visual Studio Version 16
VisualStudioVersion = 16.0.29519.87
MinimumVisualStudioVersion = 10.0.40219.1
Project("{FAE04EC0-301F-11D3-BF4B-00C04F79EFBC}") = "EntityFramework_Code_First", "EntityFramework_Code_First\EntityFramework_Code_First.csproj", "{64A373AA-AAD4-4342-8E05-A64126C80746}"
EndProject
Global
	GlobalSection(SolutionConfigurationPlatforms) = preSolution
		Debug|Any CPU = Debug|Any CPU
		Release|Any CPU = Release|Any CPU
	EndGlobalSection
	GlobalSection(ProjectConfigurationPlatforms) = postSolution
		{64A373AA-AAD4-4342-8E05-A64126C80746}.Debug|Any CPU.ActiveCfg = Debug|Any CPU
		{64A373AA-AAD4-4342-8E05-A64126C80746}.Debug|Any CPU.Build.0 = Debug|Any CPU
		{64A373AA-AAD4-4342-8E05-A64126C80746}.Release|Any CPU.ActiveCfg = Release|Any CPU
		{64A373AA-AAD4-4342-8E05-A64126C80746}.Release|Any CPU.Build.0 = Release|Any CPU
	EndGlobalSection
	GlobalSection(SolutionProperties) = preSolution
		HideSolutionNode = FALSE
	EndGlobalSection
	GlobalSection(ExtensibilityGlobals) = postSolution
		SolutionGuid = {C6921D55-0AAD-48ED-813B-6275AA87DC7F}
	EndGlobalSection
EndGlobal
